
Microsoft Visual Studio Solution File, Format Version 12.00
# Visual Studio Version 17
VisualStudioVersion = 17.10.34928.147
MinimumVisualStudioVersion = 10.0.40219.1
Project("{FAE04EC0-301F-11D3-BF4B-00C04F79EFBC}") = "Assignment", "Assignment\Assignment.csproj", "{589A74AE-7539-40DF-9AEB-49F136AE34BA}"
EndProject
Global
	GlobalSection(SolutionConfigurationPlatforms) = preSolution
		Debug|Any CPU = Debug|Any CPU
		Release|Any CPU = Release|Any CPU
	EndGlobalSection
	GlobalSection(ProjectConfigurationPlatforms) = postSolution
		{589A74AE-7539-40DF-9AEB-49F136AE34BA}.Debug|Any CPU.ActiveCfg = Debug|Any CPU
		{589A74AE-7539-40DF-9AEB-49F136AE34BA}.Debug|Any CPU.Build.0 = Debug|Any CPU
		{589A74AE-7539-40DF-9AEB-49F136AE34BA}.Release|Any CPU.ActiveCfg = Release|Any CPU
		{589A74AE-7539-40DF-9AEB-49F136AE34BA}.Release|Any CPU.Build.0 = Release|Any CPU
	EndGlobalSection
	GlobalSection(SolutionProperties) = preSolution
		HideSolutionNode = FALSE
	EndGlobalSection
	GlobalSection(ExtensibilityGlobals) = postSolution
		SolutionGuid = {D75DF8E9-0B52-4FCE-B392-7609118A5490}
	EndGlobalSection
EndGlobal
